// !$*UTF8*$!
{
	archiveVersion = 1;
	classes = {
	};
	objectVersion = 50;
	objects = {

/* Begin PBXBuildFile section */
		5CB875B3225E1B5200B27569 /* AppDelegate.swift in Sources */ = {isa = PBXBuildFile; fileRef = 5CB875B2225E1B5200B27569 /* AppDelegate.swift */; };
		5CB875B5225E1B5200B27569 /* ViewController.swift in Sources */ = {isa = PBXBuildFile; fileRef = 5CB875B4225E1B5200B27569 /* ViewController.swift */; };
		5CB875B8225E1B5200B27569 /* Main.storyboard in Resources */ = {isa = PBXBuildFile; fileRef = 5CB875B6225E1B5200B27569 /* Main.storyboard */; };
		5CB875BA225E1B5700B27569 /* Assets.xcassets in Resources */ = {isa = PBXBuildFile; fileRef = 5CB875B9225E1B5700B27569 /* Assets.xcassets */; };
		5CB875BD225E1B5700B27569 /* LaunchScreen.storyboard in Resources */ = {isa = PBXBuildFile; fileRef = 5CB875BB225E1B5700B27569 /* LaunchScreen.storyboard */; };
		5CB875C8225E22BE00B27569 /* LoginViewController.swift in Sources */ = {isa = PBXBuildFile; fileRef = 5CB875C7225E22BE00B27569 /* LoginViewController.swift */; };
		5CB875CA225E22C900B27569 /* RegisterViewController.swift in Sources */ = {isa = PBXBuildFile; fileRef = 5CB875C9225E22C900B27569 /* RegisterViewController.swift */; };
		5CB875CC225E248100B27569 /* SlideViewController.swift in Sources */ = {isa = PBXBuildFile; fileRef = 5CB875CB225E248100B27569 /* SlideViewController.swift */; };
		5CB875CE225E250A00B27569 /* SlideView.swift in Sources */ = {isa = PBXBuildFile; fileRef = 5CB875CD225E250A00B27569 /* SlideView.swift */; };
		5CB875D0225E251C00B27569 /* Slide.xib in Resources */ = {isa = PBXBuildFile; fileRef = 5CB875CF225E251C00B27569 /* Slide.xib */; };
		5CB875D2225E31E600B27569 /* UsersTableViewController.swift in Sources */ = {isa = PBXBuildFile; fileRef = 5CB875D1225E31E600B27569 /* UsersTableViewController.swift */; };
		5CB875D4225E31F900B27569 /* UsersTableViewCell.swift in Sources */ = {isa = PBXBuildFile; fileRef = 5CB875D3225E31F900B27569 /* UsersTableViewCell.swift */; };
		5CB875D8225E415E00B27569 /* MainViewController.swift in Sources */ = {isa = PBXBuildFile; fileRef = 5CB875D7225E415E00B27569 /* MainViewController.swift */; };
		5CB875DA225E44BB00B27569 /* ProfileViewController.swift in Sources */ = {isa = PBXBuildFile; fileRef = 5CB875D9225E44BB00B27569 /* ProfileViewController.swift */; };
		5CB875FE225F62D500B27569 /* GoogleService-Info.plist in Resources */ = {isa = PBXBuildFile; fileRef = 5CB875FD225F62D500B27569 /* GoogleService-Info.plist */; };
		5CB876002264CCAC00B27569 /* Users.swift in Sources */ = {isa = PBXBuildFile; fileRef = 5CB875FF2264CCAC00B27569 /* Users.swift */; };
		5CB876022267610200B27569 /* ChatViewController.swift in Sources */ = {isa = PBXBuildFile; fileRef = 5CB876012267610200B27569 /* ChatViewController.swift */; };
		5CB876052267613600B27569 /* ChatTableViewCell.swift in Sources */ = {isa = PBXBuildFile; fileRef = 5CB876042267613600B27569 /* ChatTableViewCell.swift */; };
		5CB876072267637800B27569 /* Message.swift in Sources */ = {isa = PBXBuildFile; fileRef = 5CB876062267637800B27569 /* Message.swift */; };
		5FC7FB51C9F85E6E6C76EA4E /* Pods_DoggoMeetDoggo.framework in Frameworks */ = {isa = PBXBuildFile; fileRef = 89422D8FFD8AEBF27D36B040 /* Pods_DoggoMeetDoggo.framework */; };
/* End PBXBuildFile section */

/* Begin PBXFileReference section */
		4B55C47C364325C109B84031 /* Pods-DoggoMeetDoggo.debug.xcconfig */ = {isa = PBXFileReference; includeInIndex = 1; lastKnownFileType = text.xcconfig; name = "Pods-DoggoMeetDoggo.debug.xcconfig"; path = "Target Support Files/Pods-DoggoMeetDoggo/Pods-DoggoMeetDoggo.debug.xcconfig"; sourceTree = "<group>"; };
		5CB875AF225E1B5200B27569 /* DoggoMeetDoggo.app */ = {isa = PBXFileReference; explicitFileType = wrapper.application; includeInIndex = 0; path = DoggoMeetDoggo.app; sourceTree = BUILT_PRODUCTS_DIR; };
		5CB875B2225E1B5200B27569 /* AppDelegate.swift */ = {isa = PBXFileReference; lastKnownFileType = sourcecode.swift; path = AppDelegate.swift; sourceTree = "<group>"; };
		5CB875B4225E1B5200B27569 /* ViewController.swift */ = {isa = PBXFileReference; lastKnownFileType = sourcecode.swift; path = ViewController.swift; sourceTree = "<group>"; };
		5CB875B7225E1B5200B27569 /* Base */ = {isa = PBXFileReference; lastKnownFileType = file.storyboard; name = Base; path = Base.lproj/Main.storyboard; sourceTree = "<group>"; };
		5CB875B9225E1B5700B27569 /* Assets.xcassets */ = {isa = PBXFileReference; lastKnownFileType = folder.assetcatalog; path = Assets.xcassets; sourceTree = "<group>"; };
		5CB875BC225E1B5700B27569 /* Base */ = {isa = PBXFileReference; lastKnownFileType = file.storyboard; name = Base; path = Base.lproj/LaunchScreen.storyboard; sourceTree = "<group>"; };
		5CB875BE225E1B5700B27569 /* Info.plist */ = {isa = PBXFileReference; lastKnownFileType = text.plist.xml; path = Info.plist; sourceTree = "<group>"; };
		5CB875C7225E22BE00B27569 /* LoginViewController.swift */ = {isa = PBXFileReference; lastKnownFileType = sourcecode.swift; path = LoginViewController.swift; sourceTree = "<group>"; };
		5CB875C9225E22C900B27569 /* RegisterViewController.swift */ = {isa = PBXFileReference; lastKnownFileType = sourcecode.swift; path = RegisterViewController.swift; sourceTree = "<group>"; };
		5CB875CB225E248100B27569 /* SlideViewController.swift */ = {isa = PBXFileReference; lastKnownFileType = sourcecode.swift; path = SlideViewController.swift; sourceTree = "<group>"; };
		5CB875CD225E250A00B27569 /* SlideView.swift */ = {isa = PBXFileReference; lastKnownFileType = sourcecode.swift; path = SlideView.swift; sourceTree = "<group>"; };
		5CB875CF225E251C00B27569 /* Slide.xib */ = {isa = PBXFileReference; lastKnownFileType = file.xib; path = Slide.xib; sourceTree = "<group>"; };
		5CB875D1225E31E600B27569 /* UsersTableViewController.swift */ = {isa = PBXFileReference; lastKnownFileType = sourcecode.swift; path = UsersTableViewController.swift; sourceTree = "<group>"; };
		5CB875D3225E31F900B27569 /* UsersTableViewCell.swift */ = {isa = PBXFileReference; lastKnownFileType = sourcecode.swift; path = UsersTableViewCell.swift; sourceTree = "<group>"; };
		5CB875D7225E415E00B27569 /* MainViewController.swift */ = {isa = PBXFileReference; lastKnownFileType = sourcecode.swift; path = MainViewController.swift; sourceTree = "<group>"; };
		5CB875D9225E44BB00B27569 /* ProfileViewController.swift */ = {isa = PBXFileReference; lastKnownFileType = sourcecode.swift; path = ProfileViewController.swift; sourceTree = "<group>"; };
		5CB875FD225F62D500B27569 /* GoogleService-Info.plist */ = {isa = PBXFileReference; fileEncoding = 4; lastKnownFileType = text.plist.xml; path = "GoogleService-Info.plist"; sourceTree = "<group>"; };
		5CB875FF2264CCAC00B27569 /* Users.swift */ = {isa = PBXFileReference; lastKnownFileType = sourcecode.swift; path = Users.swift; sourceTree = "<group>"; };
		5CB876012267610200B27569 /* ChatViewController.swift */ = {isa = PBXFileReference; lastKnownFileType = sourcecode.swift; path = ChatViewController.swift; sourceTree = "<group>"; };
		5CB876042267613600B27569 /* ChatTableViewCell.swift */ = {isa = PBXFileReference; lastKnownFileType = sourcecode.swift; path = ChatTableViewCell.swift; sourceTree = "<group>"; };
		5CB876062267637800B27569 /* Message.swift */ = {isa = PBXFileReference; lastKnownFileType = sourcecode.swift; path = Message.swift; sourceTree = "<group>"; };
		747894065D76C7758187D1EB /* Pods-DoggoMeetDoggo.release.xcconfig */ = {isa = PBXFileReference; includeInIndex = 1; lastKnownFileType = text.xcconfig; name = "Pods-DoggoMeetDoggo.release.xcconfig"; path = "Target Support Files/Pods-DoggoMeetDoggo/Pods-DoggoMeetDoggo.release.xcconfig"; sourceTree = "<group>"; };
		89422D8FFD8AEBF27D36B040 /* Pods_DoggoMeetDoggo.framework */ = {isa = PBXFileReference; explicitFileType = wrapper.framework; includeInIndex = 0; path = Pods_DoggoMeetDoggo.framework; sourceTree = BUILT_PRODUCTS_DIR; };
/* End PBXFileReference section */

/* Begin PBXFrameworksBuildPhase section */
		5CB875AC225E1B5200B27569 /* Frameworks */ = {
			isa = PBXFrameworksBuildPhase;
			buildActionMask = 2147483647;
			files = (
				5FC7FB51C9F85E6E6C76EA4E /* Pods_DoggoMeetDoggo.framework in Frameworks */,
			);
			runOnlyForDeploymentPostprocessing = 0;
		};
/* End PBXFrameworksBuildPhase section */

/* Begin PBXGroup section */
		5CB875A6225E1B5200B27569 = {
			isa = PBXGroup;
			children = (
				5CB875B1225E1B5200B27569 /* DoggoMeetDoggo */,
				5CB875B0225E1B5200B27569 /* Products */,
				A21915776D454D082A0323B1 /* Pods */,
				BC2A41563885E897FEA14EDB /* Frameworks */,
			);
			sourceTree = "<group>";
		};
		5CB875B0225E1B5200B27569 /* Products */ = {
			isa = PBXGroup;
			children = (
				5CB875AF225E1B5200B27569 /* DoggoMeetDoggo.app */,
			);
			name = Products;
			sourceTree = "<group>";
		};
		5CB875B1225E1B5200B27569 /* DoggoMeetDoggo */ = {
			isa = PBXGroup;
			children = (
				5CB875B2225E1B5200B27569 /* AppDelegate.swift */,
				5CB875C6225E1B9200B27569 /* Model */,
				5CB875C5225E1B8800B27569 /* Controller */,
				5CB875C4225E1B7D00B27569 /* View */,
				5CB875B9225E1B5700B27569 /* Assets.xcassets */,
				5CB875BB225E1B5700B27569 /* LaunchScreen.storyboard */,
				5CB875BE225E1B5700B27569 /* Info.plist */,
				5CB875FD225F62D500B27569 /* GoogleService-Info.plist */,
			);
			path = DoggoMeetDoggo;
			sourceTree = "<group>";
		};
		5CB875C4225E1B7D00B27569 /* View */ = {
			isa = PBXGroup;
			children = (
				5CB876032267611A00B27569 /* Custom Cell */,
				5CB875B6225E1B5200B27569 /* Main.storyboard */,
				5CB875CF225E251C00B27569 /* Slide.xib */,
			);
			path = View;
			sourceTree = "<group>";
		};
		5CB875C5225E1B8800B27569 /* Controller */ = {
			isa = PBXGroup;
			children = (
				5CB875B4225E1B5200B27569 /* ViewController.swift */,
				5CB875C7225E22BE00B27569 /* LoginViewController.swift */,
				5CB875C9225E22C900B27569 /* RegisterViewController.swift */,
				5CB875CB225E248100B27569 /* SlideViewController.swift */,
				5CB875D1225E31E600B27569 /* UsersTableViewController.swift */,
				5CB875D7225E415E00B27569 /* MainViewController.swift */,
				5CB875D9225E44BB00B27569 /* ProfileViewController.swift */,
				5CB876012267610200B27569 /* ChatViewController.swift */,
			);
			path = Controller;
			sourceTree = "<group>";
		};
		5CB875C6225E1B9200B27569 /* Model */ = {
			isa = PBXGroup;
			children = (
				5CB875CD225E250A00B27569 /* SlideView.swift */,
				5CB875FF2264CCAC00B27569 /* Users.swift */,
				5CB876062267637800B27569 /* Message.swift */,
			);
			path = Model;
			sourceTree = "<group>";
		};
		5CB876032267611A00B27569 /* Custom Cell */ = {
			isa = PBXGroup;
			children = (
				5CB875D3225E31F900B27569 /* UsersTableViewCell.swift */,
				5CB876042267613600B27569 /* ChatTableViewCell.swift */,
			);
			path = "Custom Cell";
			sourceTree = "<group>";
		};
		A21915776D454D082A0323B1 /* Pods */ = {
			isa = PBXGroup;
			children = (
				4B55C47C364325C109B84031 /* Pods-DoggoMeetDoggo.debug.xcconfig */,
				747894065D76C7758187D1EB /* Pods-DoggoMeetDoggo.release.xcconfig */,
			);
			path = Pods;
			sourceTree = "<group>";
		};
		BC2A41563885E897FEA14EDB /* Frameworks */ = {
			isa = PBXGroup;
			children = (
				89422D8FFD8AEBF27D36B040 /* Pods_DoggoMeetDoggo.framework */,
			);
			name = Frameworks;
			sourceTree = "<group>";
		};
/* End PBXGroup section */

/* Begin PBXNativeTarget section */
		5CB875AE225E1B5200B27569 /* DoggoMeetDoggo */ = {
			isa = PBXNativeTarget;
			buildConfigurationList = 5CB875C1225E1B5700B27569 /* Build configuration list for PBXNativeTarget "DoggoMeetDoggo" */;
			buildPhases = (
				03B73BAD3368B0456762157D /* [CP] Check Pods Manifest.lock */,
				5CB875AB225E1B5200B27569 /* Sources */,
				5CB875AC225E1B5200B27569 /* Frameworks */,
				5CB875AD225E1B5200B27569 /* Resources */,
				696BA345BBED1F63B8959D39 /* [CP] Embed Pods Frameworks */,
			);
			buildRules = (
			);
			dependencies = (
			);
			name = DoggoMeetDoggo;
			productName = DoggoMeetDoggo;
			productReference = 5CB875AF225E1B5200B27569 /* DoggoMeetDoggo.app */;
			productType = "com.apple.product-type.application";
		};
/* End PBXNativeTarget section */

/* Begin PBXProject section */
		5CB875A7225E1B5200B27569 /* Project object */ = {
			isa = PBXProject;
			attributes = {
				LastSwiftUpdateCheck = 1010;
				LastUpgradeCheck = 1010;
				ORGANIZATIONNAME = "Jonatan Bengtsson";
				TargetAttributes = {
					5CB875AE225E1B5200B27569 = {
						CreatedOnToolsVersion = 10.1;
					};
				};
			};
			buildConfigurationList = 5CB875AA225E1B5200B27569 /* Build configuration list for PBXProject "DoggoMeetDoggo" */;
			compatibilityVersion = "Xcode 9.3";
			developmentRegion = en;
			hasScannedForEncodings = 0;
			knownRegions = (
				en,
				Base,
			);
			mainGroup = 5CB875A6225E1B5200B27569;
			productRefGroup = 5CB875B0225E1B5200B27569 /* Products */;
			projectDirPath = "";
			projectRoot = "";
			targets = (
				5CB875AE225E1B5200B27569 /* DoggoMeetDoggo */,
			);
		};
/* End PBXProject section */

/* Begin PBXResourcesBuildPhase section */
		5CB875AD225E1B5200B27569 /* Resources */ = {
			isa = PBXResourcesBuildPhase;
			buildActionMask = 2147483647;
			files = (
				5CB875BD225E1B5700B27569 /* LaunchScreen.storyboard in Resources */,
				5CB875BA225E1B5700B27569 /* Assets.xcassets in Resources */,
				5CB875B8225E1B5200B27569 /* Main.storyboard in Resources */,
				5CB875D0225E251C00B27569 /* Slide.xib in Resources */,
				5CB875FE225F62D500B27569 /* GoogleService-Info.plist in Resources */,
			);
			runOnlyForDeploymentPostprocessing = 0;
		};
/* End PBXResourcesBuildPhase section */

/* Begin PBXShellScriptBuildPhase section */
		03B73BAD3368B0456762157D /* [CP] Check Pods Manifest.lock */ = {
			isa = PBXShellScriptBuildPhase;
			buildActionMask = 2147483647;
			files = (
			);
			inputFileListPaths = (
			);
			inputPaths = (
				"${PODS_PODFILE_DIR_PATH}/Podfile.lock",
				"${PODS_ROOT}/Manifest.lock",
			);
			name = "[CP] Check Pods Manifest.lock";
			outputFileListPaths = (
			);
			outputPaths = (
				"$(DERIVED_FILE_DIR)/Pods-DoggoMeetDoggo-checkManifestLockResult.txt",
			);
			runOnlyForDeploymentPostprocessing = 0;
			shellPath = /bin/sh;
			shellScript = "diff \"${PODS_PODFILE_DIR_PATH}/Podfile.lock\" \"${PODS_ROOT}/Manifest.lock\" > /dev/null\nif [ $? != 0 ] ; then\n    # print error to STDERR\n    echo \"error: The sandbox is not in sync with the Podfile.lock. Run 'pod install' or update your CocoaPods installation.\" >&2\n    exit 1\nfi\n# This output is used by Xcode 'outputs' to avoid re-running this script phase.\necho \"SUCCESS\" > \"${SCRIPT_OUTPUT_FILE_0}\"\n";
			showEnvVarsInLog = 0;
		};
		696BA345BBED1F63B8959D39 /* [CP] Embed Pods Frameworks */ = {
			isa = PBXShellScriptBuildPhase;
			buildActionMask = 2147483647;
			files = (
			);
			inputFileListPaths = (
			);
			inputPaths = (
				"${PODS_ROOT}/Target Support Files/Pods-DoggoMeetDoggo/Pods-DoggoMeetDoggo-frameworks.sh",
				"${BUILT_PRODUCTS_DIR}/BoringSSL-GRPC/openssl_grpc.framework",
				"${BUILT_PRODUCTS_DIR}/GTMSessionFetcher/GTMSessionFetcher.framework",
				"${BUILT_PRODUCTS_DIR}/GoogleUtilities/GoogleUtilities.framework",
				"${BUILT_PRODUCTS_DIR}/Protobuf/Protobuf.framework",
				"${BUILT_PRODUCTS_DIR}/gRPC-C++/grpcpp.framework",
				"${BUILT_PRODUCTS_DIR}/gRPC-Core/grpc.framework",
				"${BUILT_PRODUCTS_DIR}/leveldb-library/leveldb.framework",
				"${BUILT_PRODUCTS_DIR}/nanopb/nanopb.framework",
			);
			name = "[CP] Embed Pods Frameworks";
			outputFileListPaths = (
			);
			outputPaths = (
				"${TARGET_BUILD_DIR}/${FRAMEWORKS_FOLDER_PATH}/openssl_grpc.framework",
				"${TARGET_BUILD_DIR}/${FRAMEWORKS_FOLDER_PATH}/GTMSessionFetcher.framework",
				"${TARGET_BUILD_DIR}/${FRAMEWORKS_FOLDER_PATH}/GoogleUtilities.framework",
				"${TARGET_BUILD_DIR}/${FRAMEWORKS_FOLDER_PATH}/Protobuf.framework",
				"${TARGET_BUILD_DIR}/${FRAMEWORKS_FOLDER_PATH}/grpcpp.framework",
				"${TARGET_BUILD_DIR}/${FRAMEWORKS_FOLDER_PATH}/grpc.framework",
				"${TARGET_BUILD_DIR}/${FRAMEWORKS_FOLDER_PATH}/leveldb.framework",
				"${TARGET_BUILD_DIR}/${FRAMEWORKS_FOLDER_PATH}/nanopb.framework",
			);
			runOnlyForDeploymentPostprocessing = 0;
			shellPath = /bin/sh;
			shellScript = "\"${PODS_ROOT}/Target Support Files/Pods-DoggoMeetDoggo/Pods-DoggoMeetDoggo-frameworks.sh\"\n";
			showEnvVarsInLog = 0;
		};
/* End PBXShellScriptBuildPhase section */

/* Begin PBXSourcesBuildPhase section */
		5CB875AB225E1B5200B27569 /* Sources */ = {
			isa = PBXSourcesBuildPhase;
			buildActionMask = 2147483647;
			files = (
				5CB875D4225E31F900B27569 /* UsersTableViewCell.swift in Sources */,
				5CB875CE225E250A00B27569 /* SlideView.swift in Sources */,
				5CB875DA225E44BB00B27569 /* ProfileViewController.swift in Sources */,
				5CB875C8225E22BE00B27569 /* LoginViewController.swift in Sources */,
				5CB875CC225E248100B27569 /* SlideViewController.swift in Sources */,
				5CB875B5225E1B5200B27569 /* ViewController.swift in Sources */,
				5CB875B3225E1B5200B27569 /* AppDelegate.swift in Sources */,
				5CB875D8225E415E00B27569 /* MainViewController.swift in Sources */,
				5CB875D2225E31E600B27569 /* UsersTableViewController.swift in Sources */,
				5CB875CA225E22C900B27569 /* RegisterViewController.swift in Sources */,
				5CB876022267610200B27569 /* ChatViewController.swift in Sources */,
				5CB876052267613600B27569 /* ChatTableViewCell.swift in Sources */,
				5CB876002264CCAC00B27569 /* Users.swift in Sources */,
				5CB876072267637800B27569 /* Message.swift in Sources */,
			);
			runOnlyForDeploymentPostprocessing = 0;
		};
/* End PBXSourcesBuildPhase section */

/* Begin PBXVariantGroup section */
		5CB875B6225E1B5200B27569 /* Main.storyboard */ = {
			isa = PBXVariantGroup;
			children = (
				5CB875B7225E1B5200B27569 /* Base */,
			);
			name = Main.storyboard;
			sourceTree = "<group>";
		};
		5CB875BB225E1B5700B27569 /* LaunchScreen.storyboard */ = {
			isa = PBXVariantGroup;
			children = (
				5CB875BC225E1B5700B27569 /* Base */,
			);
			name = LaunchScreen.storyboard;
			sourceTree = "<group>";
		};
/* End PBXVariantGroup section */

/* Begin XCBuildConfiguration section */
		5CB875BF225E1B5700B27569 /* Debug */ = {
			isa = XCBuildConfiguration;
			buildSettings = {
				ALWAYS_SEARCH_USER_PATHS = NO;
				CLANG_ANALYZER_NONNULL = YES;
				CLANG_ANALYZER_NUMBER_OBJECT_CONVERSION = YES_AGGRESSIVE;
				CLANG_CXX_LANGUAGE_STANDARD = "gnu++14";
				CLANG_CXX_LIBRARY = "libc++";
				CLANG_ENABLE_MODULES = YES;
				CLANG_ENABLE_OBJC_ARC = YES;
				CLANG_ENABLE_OBJC_WEAK = YES;
				CLANG_WARN_BLOCK_CAPTURE_AUTORELEASING = YES;
				CLANG_WARN_BOOL_CONVERSION = YES;
				CLANG_WARN_COMMA = YES;
				CLANG_WARN_CONSTANT_CONVERSION = YES;
				CLANG_WARN_DEPRECATED_OBJC_IMPLEMENTATIONS = YES;
				CLANG_WARN_DIRECT_OBJC_ISA_USAGE = YES_ERROR;
				CLANG_WARN_DOCUMENTATION_COMMENTS = YES;
				CLANG_WARN_EMPTY_BODY = YES;
				CLANG_WARN_ENUM_CONVERSION = YES;
				CLANG_WARN_INFINITE_RECURSION = YES;
				CLANG_WARN_INT_CONVERSION = YES;
				CLANG_WARN_NON_LITERAL_NULL_CONVERSION = YES;
				CLANG_WARN_OBJC_IMPLICIT_RETAIN_SELF = YES;
				CLANG_WARN_OBJC_LITERAL_CONVERSION = YES;
				CLANG_WARN_OBJC_ROOT_CLASS = YES_ERROR;
				CLANG_WARN_RANGE_LOOP_ANALYSIS = YES;
				CLANG_WARN_STRICT_PROTOTYPES = YES;
				CLANG_WARN_SUSPICIOUS_MOVE = YES;
				CLANG_WARN_UNGUARDED_AVAILABILITY = YES_AGGRESSIVE;
				CLANG_WARN_UNREACHABLE_CODE = YES;
				CLANG_WARN__DUPLICATE_METHOD_MATCH = YES;
				CODE_SIGN_IDENTITY = "iPhone Developer";
				COPY_PHASE_STRIP = NO;
				DEBUG_INFORMATION_FORMAT = dwarf;
				ENABLE_STRICT_OBJC_MSGSEND = YES;
				ENABLE_TESTABILITY = YES;
				GCC_C_LANGUAGE_STANDARD = gnu11;
				GCC_DYNAMIC_NO_PIC = NO;
				GCC_NO_COMMON_BLOCKS = YES;
				GCC_OPTIMIZATION_LEVEL = 0;
				GCC_PREPROCESSOR_DEFINITIONS = (
					"DEBUG=1",
					"$(inherited)",
				);
				GCC_WARN_64_TO_32_BIT_CONVERSION = YES;
				GCC_WARN_ABOUT_RETURN_TYPE = YES_ERROR;
				GCC_WARN_UNDECLARED_SELECTOR = YES;
				GCC_WARN_UNINITIALIZED_AUTOS = YES_AGGRESSIVE;
				GCC_WARN_UNUSED_FUNCTION = YES;
				GCC_WARN_UNUSED_VARIABLE = YES;
				IPHONEOS_DEPLOYMENT_TARGET = 12.1;
				MTL_ENABLE_DEBUG_INFO = INCLUDE_SOURCE;
				MTL_FAST_MATH = YES;
				ONLY_ACTIVE_ARCH = YES;
				SDKROOT = iphoneos;
				SWIFT_ACTIVE_COMPILATION_CONDITIONS = DEBUG;
				SWIFT_OPTIMIZATION_LEVEL = "-Onone";
			};
			name = Debug;
		};
		5CB875C0225E1B5700B27569 /* Release */ = {
			isa = XCBuildConfiguration;
			buildSettings = {
				ALWAYS_SEARCH_USER_PATHS = NO;
				CLANG_ANALYZER_NONNULL = YES;
				CLANG_ANALYZER_NUMBER_OBJECT_CONVERSION = YES_AGGRESSIVE;
				CLANG_CXX_LANGUAGE_STANDARD = "gnu++14";
				CLANG_CXX_LIBRARY = "libc++";
				CLANG_ENABLE_MODULES = YES;
				CLANG_ENABLE_OBJC_ARC = YES;
				CLANG_ENABLE_OBJC_WEAK = YES;
				CLANG_WARN_BLOCK_CAPTURE_AUTORELEASING = YES;
				CLANG_WARN_BOOL_CONVERSION = YES;
				CLANG_WARN_COMMA = YES;
				CLANG_WARN_CONSTANT_CONVERSION = YES;
				CLANG_WARN_DEPRECATED_OBJC_IMPLEMENTATIONS = YES;
				CLANG_WARN_DIRECT_OBJC_ISA_USAGE = YES_ERROR;
				CLANG_WARN_DOCUMENTATION_COMMENTS = YES;
				CLANG_WARN_EMPTY_BODY = YES;
				CLANG_WARN_ENUM_CONVERSION = YES;
				CLANG_WARN_INFINITE_RECURSION = YES;
				CLANG_WARN_INT_CONVERSION = YES;
				CLANG_WARN_NON_LITERAL_NULL_CONVERSION = YES;
				CLANG_WARN_OBJC_IMPLICIT_RETAIN_SELF = YES;
				CLANG_WARN_OBJC_LITERAL_CONVERSION = YES;
				CLANG_WARN_OBJC_ROOT_CLASS = YES_ERROR;
				CLANG_WARN_RANGE_LOOP_ANALYSIS = YES;
				CLANG_WARN_STRICT_PROTOTYPES = YES;
				CLANG_WARN_SUSPICIOUS_MOVE = YES;
				CLANG_WARN_UNGUARDED_AVAILABILITY = YES_AGGRESSIVE;
				CLANG_WARN_UNREACHABLE_CODE = YES;
				CLANG_WARN__DUPLICATE_METHOD_MATCH = YES;
				CODE_SIGN_IDENTITY = "iPhone Developer";
				COPY_PHASE_STRIP = NO;
				DEBUG_INFORMATION_FORMAT = "dwarf-with-dsym";
				ENABLE_NS_ASSERTIONS = NO;
				ENABLE_STRICT_OBJC_MSGSEND = YES;
				GCC_C_LANGUAGE_STANDARD = gnu11;
				GCC_NO_COMMON_BLOCKS = YES;
				GCC_WARN_64_TO_32_BIT_CONVERSION = YES;
				GCC_WARN_ABOUT_RETURN_TYPE = YES_ERROR;
				GCC_WARN_UNDECLARED_SELECTOR = YES;
				GCC_WARN_UNINITIALIZED_AUTOS = YES_AGGRESSIVE;
				GCC_WARN_UNUSED_FUNCTION = YES;
				GCC_WARN_UNUSED_VARIABLE = YES;
				IPHONEOS_DEPLOYMENT_TARGET = 12.1;
				MTL_ENABLE_DEBUG_INFO = NO;
				MTL_FAST_MATH = YES;
				SDKROOT = iphoneos;
				SWIFT_COMPILATION_MODE = wholemodule;
				SWIFT_OPTIMIZATION_LEVEL = "-O";
				VALIDATE_PRODUCT = YES;
			};
			name = Release;
		};
		5CB875C2225E1B5700B27569 /* Debug */ = {
			isa = XCBuildConfiguration;
			baseConfigurationReference = 4B55C47C364325C109B84031 /* Pods-DoggoMeetDoggo.debug.xcconfig */;
			buildSettings = {
				ASSETCATALOG_COMPILER_APPICON_NAME = AppIcon;
				CODE_SIGN_STYLE = Automatic;
				INFOPLIST_FILE = DoggoMeetDoggo/Info.plist;
				LD_RUNPATH_SEARCH_PATHS = (
					"$(inherited)",
					"@executable_path/Frameworks",
				);
				PRODUCT_BUNDLE_IDENTIFIER = Jobe.jonatanbengtsson.DoggoMeetDoggo;
				PRODUCT_NAME = "$(TARGET_NAME)";
				SWIFT_VERSION = 4.2;
				TARGETED_DEVICE_FAMILY = "1,2";
			};
			name = Debug;
		};
		5CB875C3225E1B5700B27569 /* Release */ = {
			isa = XCBuildConfiguration;
			baseConfigurationReference = 747894065D76C7758187D1EB /* Pods-DoggoMeetDoggo.release.xcconfig */;
			buildSettings = {
				ASSETCATALOG_COMPILER_APPICON_NAME = AppIcon;
				CODE_SIGN_STYLE = Automatic;
				INFOPLIST_FILE = DoggoMeetDoggo/Info.plist;
				LD_RUNPATH_SEARCH_PATHS = (
					"$(inherited)",
					"@executable_path/Frameworks",
				);
				PRODUCT_BUNDLE_IDENTIFIER = Jobe.jonatanbengtsson.DoggoMeetDoggo;
				PRODUCT_NAME = "$(TARGET_NAME)";
				SWIFT_VERSION = 4.2;
				TARGETED_DEVICE_FAMILY = "1,2";
			};
			name = Release;
		};
/* End XCBuildConfiguration section */

/* Begin XCConfigurationList section */
		5CB875AA225E1B5200B27569 /* Build configuration list for PBXProject "DoggoMeetDoggo" */ = {
			isa = XCConfigurationList;
			buildConfigurations = (
				5CB875BF225E1B5700B27569 /* Debug */,
				5CB875C0225E1B5700B27569 /* Release */,
			);
			defaultConfigurationIsVisible = 0;
			defaultConfigurationName = Release;
		};
		5CB875C1225E1B5700B27569 /* Build configuration list for PBXNativeTarget "DoggoMeetDoggo" */ = {
			isa = XCConfigurationList;
			buildConfigurations = (
				5CB875C2225E1B5700B27569 /* Debug */,
				5CB875C3225E1B5700B27569 /* Release */,
			);
			defaultConfigurationIsVisible = 0;
			defaultConfigurationName = Release;
		};
/* End XCConfigurationList section */
	};
	rootObject = 5CB875A7225E1B5200B27569 /* Project object */;
}
